{
  "requires": true,
  "lockfileVersion": 1,
  "dependencies": {
    "app-module-path": {
      "version": "2.2.0",
      "resolved": "https://registry.npmjs.org/app-module-path/-/app-module-path-2.2.0.tgz",
      "integrity": "sha1-ZBqlXft9am8KgUHEucCqULbCTdU="
    },
    "ast-module-types": {
      "version": "2.5.0",
      "resolved": "https://registry.npmjs.org/ast-module-types/-/ast-module-types-2.5.0.tgz",
      "integrity": "sha512-dP6vhvatex3Q+OThhvcyGRvHn4noQBg1b8lCNKUAFL05up80hr2pAExveU3YQNDGMhfNPhQit/vzIkkvBPbSXw=="
    },
    "babel-runtime": {
      "version": "6.26.0",
      "resolved": "https://registry.npmjs.org/babel-runtime/-/babel-runtime-6.26.0.tgz",
      "integrity": "sha1-llxwWGaOgrVde/4E/yM3vItWR/4=",
      "requires": {
        "core-js": "^2.4.0",
        "regenerator-runtime": "^0.11.0"
      }
    },
    "babylon": {
      "version": "6.18.0",
      "resolved": "https://registry.npmjs.org/babylon/-/babylon-6.18.0.tgz",
      "integrity": "sha512-q/UEjfGJ2Cm3oKV71DJz9d25TPnq5rhBVL2Q4fA5wcC3jcrdn7+SssEybFIxwAvvP+YCsCYNKughoF33GxgycQ=="
    },
    "commander": {
      "version": "2.20.3",
      "resolved": "https://registry.npmjs.org/commander/-/commander-2.20.3.tgz",
      "integrity": "sha512-GpVkmM8vF2vQUkj2LvZmD35JxeJOLCwJ9cUkugyk2nuhbv3+mJvpLYYt+0+USMxE+oj+ey/lJEnhZw75x/OMcQ=="
    },
    "core-js": {
      "version": "2.6.10",
      "resolved": "https://registry.npmjs.org/core-js/-/core-js-2.6.10.tgz",
      "integrity": "sha512-I39t74+4t+zau64EN1fE5v2W31Adtc/REhzWN+gWRRXg6WH5qAsZm62DHpQ1+Yhe4047T55jvzz7MUqF/dBBlA=="
    },
    "core-util-is": {
      "version": "1.0.2",
      "resolved": "https://registry.npmjs.org/core-util-is/-/core-util-is-1.0.2.tgz",
      "integrity": "sha1-tf1UIgqivFq1eqtxQMlAdUUDwac="
    },
    "debug": {
      "version": "3.2.6",
      "resolved": "https://registry.npmjs.org/debug/-/debug-3.2.6.tgz",
      "integrity": "sha512-mel+jf7nrtEl5Pn1Qx46zARXKDpBbvzezse7p7LqINmdoIk8PYP5SySaxEmYv6TZ0JyEKA1hsCId6DIhgITtWQ==",
      "requires": {
        "ms": "^2.1.1"
      }
    },
    "deep-is": {
      "version": "0.1.3",
      "resolved": "https://registry.npmjs.org/deep-is/-/deep-is-0.1.3.tgz",
      "integrity": "sha1-s2nW+128E+7PUk+RsHD+7cNXzzQ="
    },
    "dependency-tree": {
      "version": "5.12.0",
      "resolved": "https://registry.npmjs.org/dependency-tree/-/dependency-tree-5.12.0.tgz",
      "integrity": "sha1-obemJUKKbgm8TOXBM/pfa8yWJtM=",
      "requires": {
        "commander": "^2.6.0",
        "debug": "^3.1.0",
        "filing-cabinet": "^1.12.0",
        "precinct": "^3.8.0"
      }
    },
    "detective-amd": {
      "version": "2.4.0",
      "resolved": "https://registry.npmjs.org/detective-amd/-/detective-amd-2.4.0.tgz",
      "integrity": "sha1-XrDfTvXBipQDOwfa8TbbzV/HXNU=",
      "requires": {
        "ast-module-types": "^2.3.1",
        "escodegen": "^1.8.0",
        "get-amd-module-type": "^2.0.4",
        "node-source-walk": "^3.0.0"
      }
    },
    "detective-cjs": {
      "version": "2.0.1",
      "resolved": "https://registry.npmjs.org/detective-cjs/-/detective-cjs-2.0.1.tgz",
      "integrity": "sha512-N7zolR3HcXuqyIxtx2ER0iJ422AHRoHdxJE4fhCidPQHvXIdYSvq9nt8j3wrT4T4nZlzgpQc9iAubfhqQfGe6w==",
      "requires": {
        "ast-module-types": "^2.3.2",
        "node-source-walk": "^3.0.0"
      }
    },
    "detective-es6": {
      "version": "1.2.0",
      "resolved": "https://registry.npmjs.org/detective-es6/-/detective-es6-1.2.0.tgz",
      "integrity": "sha1-a5s71Uf9jyH4lQL2JuRe0qMnb9w=",
      "requires": {
        "node-source-walk": "^3.3.0"
      }
    },
    "detective-less": {
      "version": "1.0.0",
      "resolved": "https://registry.npmjs.org/detective-less/-/detective-less-1.0.0.tgz",
      "integrity": "sha1-Qmx4yatuMnW/ZsyRq6wAU7tFLX0=",
      "requires": {
        "debug": "~2.2.0",
        "gonzales-pe": "^3.4.4",
        "node-source-walk": "^3.2.0"
      },
      "dependencies": {
        "debug": {
          "version": "2.2.0",
          "resolved": "https://registry.npmjs.org/debug/-/debug-2.2.0.tgz",
          "integrity": "sha1-+HBX6ZWxofauaklgZkE3vFbwOdo=",
          "requires": {
            "ms": "0.7.1"
          }
        },
        "ms": {
          "version": "0.7.1",
          "resolved": "https://registry.npmjs.org/ms/-/ms-0.7.1.tgz",
          "integrity": "sha1-nNE8A62/8ltl7/3nzoZO6VIBcJg="
        }
      }
    },
    "detective-sass": {
      "version": "2.0.1",
      "resolved": "https://registry.npmjs.org/detective-sass/-/detective-sass-2.0.1.tgz",
      "integrity": "sha1-BWYKoblc/Yf1dGQ7+s4+iiaBEqE=",
      "requires": {
        "debug": "^3.1.0",
        "gonzales-pe": "^3.4.4",
        "node-source-walk": "^3.2.0"
      }
    },
    "detective-scss": {
      "version": "1.0.1",
      "resolved": "https://registry.npmjs.org/detective-scss/-/detective-scss-1.0.1.tgz",
      "integrity": "sha1-dDJGoN01jZ2R/0ElQX9qd/vPJw8=",
      "requires": {
        "debug": "^3.1.0",
        "gonzales-pe": "^3.4.4",
        "node-source-walk": "^3.2.0"
      }
    },
    "detective-stylus": {
      "version": "1.0.0",
      "resolved": "https://registry.npmjs.org/detective-stylus/-/detective-stylus-1.0.0.tgz",
      "integrity": "sha1-UK7n24uruZA4HwEMY/q7pbWOVM0="
    },
    "detective-typescript": {
      "version": "1.0.1",
      "resolved": "https://registry.npmjs.org/detective-typescript/-/detective-typescript-1.0.1.tgz",
      "integrity": "sha512-4DZpsap+dVzQblcL/ffVXtaXtA7byrP14XQnvyAvwo8+z7/C0OrwLNQhyiC6cLZlzy2T8QuPc+mDsYsa4lAxHw==",
      "requires": {
        "node-source-walk": "3.2.0",
        "typescript": "2.0.10",
        "typescript-eslint-parser": "1.0.2"
      },
      "dependencies": {
        "babylon": {
          "version": "6.8.4",
          "resolved": "https://registry.npmjs.org/babylon/-/babylon-6.8.4.tgz",
          "integrity": "sha1-CXMGuNq66VFZIlzymz6lWRIFMYA=",
          "requires": {
            "babel-runtime": "^6.0.0"
          }
        },
        "node-source-walk": {
          "version": "3.2.0",
          "resolved": "https://registry.npmjs.org/node-source-walk/-/node-source-walk-3.2.0.tgz",
          "integrity": "sha1-PGBcxTq97ktFq2XpR9+x23yQ8OM=",
          "requires": {
            "babylon": "~6.8.1"
          }
        },
        "typescript": {
          "version": "2.0.10",
          "resolved": "https://registry.npmjs.org/typescript/-/typescript-2.0.10.tgz",
          "integrity": "sha1-zN1O2G/VVQpAcQGggUAS4bP6w90="
        }
      }
    },
    "enhanced-resolve": {
      "version": "4.1.1",
      "resolved": "https://registry.npmjs.org/enhanced-resolve/-/enhanced-resolve-4.1.1.tgz",
      "integrity": "sha512-98p2zE+rL7/g/DzMHMTF4zZlCgeVdJ7yr6xzEpJRYwFYrGi9ANdn5DnJURg6RpBkyk60XYDnWIv51VfIhfNGuA==",
      "requires": {
        "graceful-fs": "^4.1.2",
        "memory-fs": "^0.5.0",
        "tapable": "^1.0.0"
      }
    },
    "errno": {
      "version": "0.1.7",
      "resolved": "https://registry.npmjs.org/errno/-/errno-0.1.7.tgz",
      "integrity": "sha512-MfrRBDWzIWifgq6tJj60gkAwtLNb6sQPlcFrSOflcP1aFmmruKQ2wRnze/8V6kgyz7H3FF8Npzv78mZ7XLLflg==",
      "requires": {
        "prr": "~1.0.1"
      }
    },
    "escodegen": {
      "version": "1.12.0",
      "resolved": "https://registry.npmjs.org/escodegen/-/escodegen-1.12.0.tgz",
      "integrity": "sha512-TuA+EhsanGcme5T3R0L80u4t8CpbXQjegRmf7+FPTJrtCTErXFeelblRgHQa1FofEzqYYJmJ/OqjTwREp9qgmg==",
      "requires": {
        "esprima": "^3.1.3",
        "estraverse": "^4.2.0",
        "esutils": "^2.0.2",
        "optionator": "^0.8.1",
        "source-map": "~0.6.1"
      },
      "dependencies": {
        "esprima": {
          "version": "3.1.3",
          "resolved": "https://registry.npmjs.org/esprima/-/esprima-3.1.3.tgz",
          "integrity": "sha1-/cpRzuYTOJXjyI1TXOSdv/YqRjM="
        }
      }
    },
    "esprima": {
      "version": "4.0.1",
      "resolved": "https://registry.npmjs.org/esprima/-/esprima-4.0.1.tgz",
      "integrity": "sha512-eGuFFw7Upda+g4p+QHvnW0RyTX/SVeJBDM/gCtMARO0cLuT2HcEKnTPvhjV6aGeqrCB/sbNop0Kszm0jsaWU4A=="
    },
    "estraverse": {
      "version": "4.3.0",
      "resolved": "https://registry.npmjs.org/estraverse/-/estraverse-4.3.0.tgz",
      "integrity": "sha512-39nnKffWz8xN1BU/2c79n9nB9HDzo0niYUqx6xyqUnyoAnQyyWpOTdZEeiCch8BBu515t4wp9ZmgVfVhn9EBpw=="
    },
    "esutils": {
      "version": "2.0.3",
      "resolved": "https://registry.npmjs.org/esutils/-/esutils-2.0.3.tgz",
      "integrity": "sha512-kVscqXk4OCp68SZ0dkgEKVi6/8ij300KBWTJq32P/dYeWTSwK41WyTxalN1eRmA5Z9UU/LX9D7FWSmV9SAYx6g=="
    },
    "fast-levenshtein": {
      "version": "2.0.6",
      "resolved": "https://registry.npmjs.org/fast-levenshtein/-/fast-levenshtein-2.0.6.tgz",
      "integrity": "sha1-PYpcZog6FqMMqGQ+hR8Zuqd5eRc="
    },
    "file-exists": {
      "version": "2.0.0",
      "resolved": "https://registry.npmjs.org/file-exists/-/file-exists-2.0.0.tgz",
      "integrity": "sha1-okFQZlFQ5i1VvFRJKB2I0rCBDco="
    },
    "filing-cabinet": {
      "version": "1.14.4",
      "resolved": "https://registry.npmjs.org/filing-cabinet/-/filing-cabinet-1.14.4.tgz",
      "integrity": "sha512-QKKxmJrWJpQkg6Mb4ENfYJI47cwY5g5VnVKQeR1jtscSjmVE//YmOeD6MGsNJlJO3W9HBhMJwAPccBeM5dK/bw==",
      "requires": {
        "app-module-path": "^2.2.0",
        "commander": "^2.13.0",
        "debug": "^3.1.0",
        "enhanced-resolve": "^4.1.0",
        "is-relative-path": "^1.0.2",
        "module-definition": "^2.2.4",
        "module-lookup-amd": "^5.0.1",
        "resolve": "^1.5.0",
        "resolve-dependency-path": "^1.0.2",
        "sass-lookup": "^2.0.0",
        "stylus-lookup": "^2.0.0",
        "typescript": "^2.4.2"
      }
    },
    "find": {
      "version": "0.2.9",
      "resolved": "https://registry.npmjs.org/find/-/find-0.2.9.tgz",
      "integrity": "sha1-S3Px/55WrZG3bnFkB/5f/mVUu4w=",
      "requires": {
        "traverse-chain": "~0.1.0"
      }
    },
    "fs-extra": {
      "version": "5.0.0",
      "resolved": "https://registry.npmjs.org/fs-extra/-/fs-extra-5.0.0.tgz",
      "integrity": "sha512-66Pm4RYbjzdyeuqudYqhFiNBbCIuI9kgRqLPSHIlXHidW8NIQtVdkM1yeZ4lXwuhbTETv3EUGMNHAAw6hiundQ==",
      "requires": {
        "graceful-fs": "^4.1.2",
        "jsonfile": "^4.0.0",
        "universalify": "^0.1.0"
      }
    },
    "get-amd-module-type": {
      "version": "2.0.5",
      "resolved": "https://registry.npmjs.org/get-amd-module-type/-/get-amd-module-type-2.0.5.tgz",
      "integrity": "sha1-5nHsWpatX79To6IqKJ6SOMdy3bA=",
      "requires": {
        "ast-module-types": "^2.3.2",
        "node-source-walk": "^3.2.0"
      }
    },
    "get-own-enumerable-property-symbols": {
      "version": "3.0.1",
      "resolved": "https://registry.npmjs.org/get-own-enumerable-property-symbols/-/get-own-enumerable-property-symbols-3.0.1.tgz",
      "integrity": "sha512-09/VS4iek66Dh2bctjRkowueRJbY1JDGR1L/zRxO1Qk8Uxs6PnqaNSqalpizPT+CDjre3hnEsuzvhgomz9qYrA=="
    },
    "gonzales-pe": {
      "version": "3.4.7",
      "resolved": "https://registry.npmjs.org/gonzales-pe/-/gonzales-pe-3.4.7.tgz",
      "integrity": "sha1-F8e+Z61sr/Ynej44esc26YPSgOw=",
      "requires": {
        "minimist": "1.1.x"
      }
    },
    "graceful-fs": {
      "version": "4.2.2",
      "resolved": "https://registry.npmjs.org/graceful-fs/-/graceful-fs-4.2.2.tgz",
      "integrity": "sha512-IItsdsea19BoLC7ELy13q1iJFNmd7ofZH5+X/pJr90/nRoPEX0DJo1dHDbgtYWOhJhcCgMDTOw84RZ72q6lB+Q=="
    },
    "inherits": {
      "version": "2.0.4",
      "resolved": "https://registry.npmjs.org/inherits/-/inherits-2.0.4.tgz",
      "integrity": "sha512-k/vGaX4/Yla3WzyMCvTQOXYeIHvqOKtnqBduzTHpzpQZzAskKMhZ2K+EnBiSM9zGSoIFeMpXKxa4dYeZIQqewQ=="
    },
    "is-obj": {
      "version": "1.0.1",
      "resolved": "https://registry.npmjs.org/is-obj/-/is-obj-1.0.1.tgz",
      "integrity": "sha1-PkcprB9f3gJc19g6iW2rn09n2w8="
    },
    "is-regexp": {
      "version": "1.0.0",
      "resolved": "https://registry.npmjs.org/is-regexp/-/is-regexp-1.0.0.tgz",
      "integrity": "sha1-/S2INUXEa6xaYz57mgnof6LLUGk="
    },
    "is-relative-path": {
      "version": "1.0.2",
      "resolved": "https://registry.npmjs.org/is-relative-path/-/is-relative-path-1.0.2.tgz",
      "integrity": "sha1-CRtGoNZ8HtD+hfH4z93gBrslHUY="
    },
    "isarray": {
      "version": "1.0.0",
      "resolved": "https://registry.npmjs.org/isarray/-/isarray-1.0.0.tgz",
      "integrity": "sha1-u5NdSFgsuhaMBoNJV6VKPgcSTxE="
    },
    "jsonfile": {
      "version": "4.0.0",
      "resolved": "https://registry.npmjs.org/jsonfile/-/jsonfile-4.0.0.tgz",
      "integrity": "sha1-h3Gq4HmbZAdrdmQPygWPnBDjPss=",
      "requires": {
        "graceful-fs": "^4.1.6"
      }
    },
    "levn": {
      "version": "0.3.0",
      "resolved": "https://registry.npmjs.org/levn/-/levn-0.3.0.tgz",
      "integrity": "sha1-OwmSTt+fCDwEkP3UwLxEIeBHZO4=",
      "requires": {
        "prelude-ls": "~1.1.2",
        "type-check": "~0.3.2"
      }
    },
    "lodash.tostring": {
      "version": "4.1.4",
      "resolved": "https://registry.npmjs.org/lodash.tostring/-/lodash.tostring-4.1.4.tgz",
      "integrity": "sha1-Vgwn0fjq3eA8LM4Zj+9cAx2CmPs="
    },
    "lodash.unescape": {
      "version": "4.0.0",
      "resolved": "https://registry.npmjs.org/lodash.unescape/-/lodash.unescape-4.0.0.tgz",
      "integrity": "sha1-Nt6/xJK4FHhHHvl0zTeD4gLrbO8=",
      "requires": {
        "lodash.tostring": "^4.0.0"
      }
    },
    "memory-fs": {
      "version": "0.5.0",
      "resolved": "https://registry.npmjs.org/memory-fs/-/memory-fs-0.5.0.tgz",
      "integrity": "sha512-jA0rdU5KoQMC0e6ppoNRtpp6vjFq6+NY7r8hywnC7V+1Xj/MtHwGIbB1QaK/dunyjWteJzmkpd7ooeWg10T7GA==",
      "requires": {
        "errno": "^0.1.3",
        "readable-stream": "^2.0.1"
      }
    },
    "minimist": {
      "version": "1.1.3",
      "resolved": "https://registry.npmjs.org/minimist/-/minimist-1.1.3.tgz",
      "integrity": "sha1-O+39kaktOQFvz6ocaB6Pqhoe/ag="
    },
    "module-definition": {
      "version": "2.2.4",
      "resolved": "https://registry.npmjs.org/module-definition/-/module-definition-2.2.4.tgz",
      "integrity": "sha1-wKN3HeWM9rzxKu0kdnBsWWrUsss=",
      "requires": {
        "ast-module-types": "^2.3.2",
        "node-source-walk": "^3.0.0"
      }
    },
    "module-lookup-amd": {
      "version": "5.0.2",
      "resolved": "https://registry.npmjs.org/module-lookup-amd/-/module-lookup-amd-5.0.2.tgz",
      "integrity": "sha512-lOyf83SGq+gE0ElfuyCVFqpl9NqKFxfz7Yj+1crSmf7ozAHEkWIqeDTT4z1+2VOXYhxLcXCJF1XFpWU7y1KtaA==",
      "requires": {
        "commander": "^2.8.1",
        "debug": "^3.1.0",
        "file-exists": "^2.0.0",
        "find": "^0.2.8",
        "requirejs": "^2.3.5",
        "requirejs-config-file": "3.0.0"
      }
    },
    "ms": {
      "version": "2.1.2",
      "resolved": "https://registry.npmjs.org/ms/-/ms-2.1.2.tgz",
      "integrity": "sha512-sGkPx+VjMtmA6MX27oA4FBFELFCZZ4S4XqeGOXCv68tT+jb3vk/RyaKWP0PTKyWtmLSM0b+adUTEvbs1PEaH2w=="
    },
    "node-source-walk": {
      "version": "3.3.0",
      "resolved": "https://registry.npmjs.org/node-source-walk/-/node-source-walk-3.3.0.tgz",
      "integrity": "sha1-rRjjW/2z0Lb34OSv8eePhGo7iHM=",
      "requires": {
        "babylon": "^6.17.0"
      }
    },
    "object-assign": {
      "version": "4.1.1",
      "resolved": "https://registry.npmjs.org/object-assign/-/object-assign-4.1.1.tgz",
      "integrity": "sha1-IQmtx5ZYh8/AXLvUQsrIv7s2CGM="
    },
    "optionator": {
      "version": "0.8.2",
      "resolved": "https://registry.npmjs.org/optionator/-/optionator-0.8.2.tgz",
      "integrity": "sha1-NkxeQJ0/TWMB1sC0wFu6UBgK62Q=",
      "requires": {
        "deep-is": "~0.1.3",
        "fast-levenshtein": "~2.0.4",
        "levn": "~0.3.0",
        "prelude-ls": "~1.1.2",
        "type-check": "~0.3.2",
        "wordwrap": "~1.0.0"
      }
    },
    "path-parse": {
      "version": "1.0.6",
      "resolved": "https://registry.npmjs.org/path-parse/-/path-parse-1.0.6.tgz",
      "integrity": "sha512-GSmOT2EbHrINBf9SR7CDELwlJ8AENk3Qn7OikK4nFYAu3Ote2+JYNVvkpAEQm3/TLNEJFD/xZJjzyxg3KBWOzw=="
    },
    "precinct": {
      "version": "3.8.0",
      "resolved": "https://registry.npmjs.org/precinct/-/precinct-3.8.0.tgz",
      "integrity": "sha1-JZqUkKhUd6HyaYn73y+ybETyR1o=",
      "requires": {
        "commander": "^2.11.0",
        "debug": "^3.0.1",
        "detective-amd": "^2.4.0",
        "detective-cjs": "^2.0.0",
        "detective-es6": "^1.2.0",
        "detective-less": "1.0.0",
        "detective-sass": "^2.0.0",
        "detective-scss": "^1.0.0",
        "detective-stylus": "^1.0.0",
        "detective-typescript": "^1.0.0",
        "module-definition": "^2.2.4",
        "node-source-walk": "^3.3.0"
      }
    },
    "prelude-ls": {
      "version": "1.1.2",
      "resolved": "https://registry.npmjs.org/prelude-ls/-/prelude-ls-1.1.2.tgz",
      "integrity": "sha1-IZMqVJ9eUv/ZqCf1cOBL5iqX2lQ="
    },
    "process-nextick-args": {
      "version": "2.0.1",
      "resolved": "https://registry.npmjs.org/process-nextick-args/-/process-nextick-args-2.0.1.tgz",
      "integrity": "sha512-3ouUOpQhtgrbOa17J7+uxOTpITYWaGP7/AhoR3+A+/1e9skrzelGi/dXzEYyvbxubEF6Wn2ypscTKiKJFFn1ag=="
    },
    "prr": {
      "version": "1.0.1",
      "resolved": "https://registry.npmjs.org/prr/-/prr-1.0.1.tgz",
      "integrity": "sha1-0/wRS6BplaRexok/SEzrHXj19HY="
    },
    "readable-stream": {
      "version": "2.3.6",
      "resolved": "https://registry.npmjs.org/readable-stream/-/readable-stream-2.3.6.tgz",
      "integrity": "sha512-tQtKA9WIAhBF3+VLAseyMqZeBjW0AHJoxOtYqSUZNJxauErmLbVm2FW1y+J/YA9dUrAC39ITejlZWhVIwawkKw==",
      "requires": {
        "core-util-is": "~1.0.0",
        "inherits": "~2.0.3",
        "isarray": "~1.0.0",
        "process-nextick-args": "~2.0.0",
        "safe-buffer": "~5.1.1",
        "string_decoder": "~1.1.1",
        "util-deprecate": "~1.0.1"
      }
    },
    "regenerator-runtime": {
      "version": "0.11.1",
      "resolved": "https://registry.npmjs.org/regenerator-runtime/-/regenerator-runtime-0.11.1.tgz",
      "integrity": "sha512-MguG95oij0fC3QV3URf4V2SDYGJhJnJGqvIIgdECeODCT98wSWDAJ94SSuVpYQUoTcGUIL6L4yNB7j1DFFHSBg=="
    },
    "requirejs": {
      "version": "2.3.6",
      "resolved": "https://registry.npmjs.org/requirejs/-/requirejs-2.3.6.tgz",
      "integrity": "sha512-ipEzlWQe6RK3jkzikgCupiTbTvm4S0/CAU5GlgptkN5SO6F3u0UD0K18wy6ErDqiCyP4J4YYe1HuAShvsxePLg=="
    },
    "requirejs-config-file": {
      "version": "3.0.0",
      "resolved": "https://registry.npmjs.org/requirejs-config-file/-/requirejs-config-file-3.0.0.tgz",
      "integrity": "sha512-pssKfw0KhafnpOHA1+qWlDXcCEgf0p+qfTI8xOhqOhhdtz7m7VqhEorauKZOqv1GGA8ML3eKFU3sxGq5p4ZaEw==",
      "requires": {
        "esprima": "^4.0.0",
        "fs-extra": "^5.0.0",
        "stringify-object": "^3.2.1"
      }
    },
    "resolve": {
      "version": "1.12.0",
      "resolved": "https://registry.npmjs.org/resolve/-/resolve-1.12.0.tgz",
      "integrity": "sha512-B/dOmuoAik5bKcD6s6nXDCjzUKnaDvdkRyAk6rsmsKLipWj4797iothd7jmmUhWTfinVMU+wc56rYKsit2Qy4w==",
      "requires": {
        "path-parse": "^1.0.6"
      }
    },
    "resolve-dependency-path": {
      "version": "1.0.2",
      "resolved": "https://registry.npmjs.org/resolve-dependency-path/-/resolve-dependency-path-1.0.2.tgz",
      "integrity": "sha1-ar6Tpt4+T53Oe16CYeH0eqGvTcI="
    },
    "safe-buffer": {
      "version": "5.1.2",
      "resolved": "https://registry.npmjs.org/safe-buffer/-/safe-buffer-5.1.2.tgz",
      "integrity": "sha512-Gd2UZBJDkXlY7GbJxfsE8/nvKkUEU1G38c1siN6QP6a9PT9MmHB8GnpscSmMJSoF8LOIrt8ud/wPtojys4G6+g=="
    },
    "sass-lookup": {
      "version": "2.0.0",
      "resolved": "https://registry.npmjs.org/sass-lookup/-/sass-lookup-2.0.0.tgz",
      "integrity": "sha512-DZEg7g605XNZX3rxQMkndPmlSzaGR3ld33Rvx3XPTxP8hXBPErmCTrL2CPItzjCJqvjgt9kXhxQrzkbdJZToaA==",
      "requires": {
        "commander": "^2.16.0"
      }
    },
    "source-map": {
      "version": "0.6.1",
      "resolved": "https://registry.npmjs.org/source-map/-/source-map-0.6.1.tgz",
      "integrity": "sha512-UjgapumWlbMhkBgzT7Ykc5YXUT46F0iKu8SGXq0bcwP5dz/h0Plj6enJqjz1Zbq2l5WaqYnrVbwWOWMyF3F47g==",
      "optional": true
    },
    "string_decoder": {
      "version": "1.1.1",
      "resolved": "https://registry.npmjs.org/string_decoder/-/string_decoder-1.1.1.tgz",
      "integrity": "sha512-n/ShnvDi6FHbbVfviro+WojiFzv+s8MPMHBczVePfUpDJLwoLT0ht1l4YwBCbi8pJAveEEdnkHyPyTP/mzRfwg==",
      "requires": {
        "safe-buffer": "~5.1.0"
      }
    },
    "stringify-object": {
      "version": "3.3.0",
      "resolved": "https://registry.npmjs.org/stringify-object/-/stringify-object-3.3.0.tgz",
      "integrity": "sha512-rHqiFh1elqCQ9WPLIC8I0Q/g/wj5J1eMkyoiD6eoQApWHP0FtlK7rqnhmabL5VUY9JQCcqwwvlOaSuutekgyrw==",
      "requires": {
        "get-own-enumerable-property-symbols": "^3.0.0",
        "is-obj": "^1.0.1",
        "is-regexp": "^1.0.0"
      }
    },
    "stylus-lookup": {
      "version": "2.0.0",
      "resolved": "https://registry.npmjs.org/stylus-lookup/-/stylus-lookup-2.0.0.tgz",
      "integrity": "sha512-ZPwVUITlzCIgq1NBNl1xVX1grfFnJUBq9zzG9YOj/V3GrOCnpWuxGh6zUL8JTaVs0nMS9Eyok1qgOW9mUFx9kg==",
      "requires": {
        "commander": "^2.8.1",
        "debug": "^3.1.0"
      }
    },
    "tapable": {
      "version": "1.1.3",
      "resolved": "https://registry.npmjs.org/tapable/-/tapable-1.1.3.tgz",
      "integrity": "sha512-4WK/bYZmj8xLr+HUCODHGF1ZFzsYffasLUgEiMBY4fgtltdO6B4WJtlSbPaDTLpYTcGVwM2qLnFTICEcNxs3kA=="
    },
    "traverse-chain": {
      "version": "0.1.0",
      "resolved": "https://registry.npmjs.org/traverse-chain/-/traverse-chain-0.1.0.tgz",
      "integrity": "sha1-YdvC1Ttp/2CRoSoWj9fUMxB+QPE="
    },
    "type-check": {
      "version": "0.3.2",
      "resolved": "https://registry.npmjs.org/type-check/-/type-check-0.3.2.tgz",
      "integrity": "sha1-WITKtRLPHTVeP7eE8wgEsrUg23I=",
      "requires": {
        "prelude-ls": "~1.1.2"
      }
    },
    "typescript": {
      "version": "2.9.2",
      "resolved": "https://registry.npmjs.org/typescript/-/typescript-2.9.2.tgz",
      "integrity": "sha512-Gr4p6nFNaoufRIY4NMdpQRNmgxVIGMs4Fcu/ujdYk3nAZqk7supzBE9idmvfZIlH/Cuj//dvi+019qEue9lV0w=="
    },
    "typescript-eslint-parser": {
      "version": "1.0.2",
      "resolved": "https://registry.npmjs.org/typescript-eslint-parser/-/typescript-eslint-parser-1.0.2.tgz",
      "integrity": "sha1-/Sq6zy7j2Tgqs+RJyHYra+rk0Nc=",
      "requires": {
        "lodash.unescape": "4.0.0",
        "object-assign": "^4.0.1"
      }
    },
    "universalify": {
      "version": "0.1.2",
      "resolved": "https://registry.npmjs.org/universalify/-/universalify-0.1.2.tgz",
      "integrity": "sha512-rBJeI5CXAlmy1pV+617WB9J63U6XcazHHF2f2dbJix4XzpUF0RS3Zbj0FGIOCAva5P/d/GBOYaACQ1w+0azUkg=="
    },
    "util-deprecate": {
      "version": "1.0.2",
      "resolved": "https://registry.npmjs.org/util-deprecate/-/util-deprecate-1.0.2.tgz",
      "integrity": "sha1-RQ1Nyfpw3nMnYvvS1KKJgUGaDM8="
    },
    "wordwrap": {
      "version": "1.0.0",
      "resolved": "https://registry.npmjs.org/wordwrap/-/wordwrap-1.0.0.tgz",
      "integrity": "sha1-J1hIEIkUVqQXHI0CJkQa3pDLyus="
    }
  }
}
